hash: c57215d813a420e7b4216aa7e9f229a92443fb36953f229389827592640e5d8b
updated: 2018-02-15T00:08:48.27790167-08:00
imports:
- name: github.com/hashicorp/errwrap
  version: 7554cd9344cec97297fa6649b055a8c98c2a1e55
- name: github.com/hashicorp/go-multierror
  version: b7773ae218740a7be65057fc60b366a49b538a44
- name: github.com/influxdata/influxdb
  version: 35b44cc2f0ac78c26a852ea1f0a5992a2f440a76
  subpackages:
  - client/v2
- name: go.uber.org/atomic
  version: 8474b86a5a6f79c443ce4b2992817ff32cf208b8
- name: go.uber.org/multierr
  version: 3c4937480c32f4c13a875a1829af76c98ca3d40a
- name: go.uber.org/zap
  version: 35aad584952c3e7020db7b839f6b102de6271f89
  subpackages:
  - buffer
  - internal/bufferpool
  - internal/color
  - internal/exit
  - zapcore
testImports: []
